// !$*UTF8*$!
{
	archiveVersion = 1;
	classes = {
	};
	objectVersion = 55;
	objects = {

/* Begin PBXBuildFile section */
		885816EF27B7265E00220575 /* MontserratAlternates-Thin.ttf in Resources */ = {isa = PBXBuildFile; fileRef = 885816DC27B7265E00220575 /* MontserratAlternates-Thin.ttf */; };
		885816F027B7265E00220575 /* MontserratAlternates-BlackItalic.ttf in Resources */ = {isa = PBXBuildFile; fileRef = 885816DD27B7265E00220575 /* MontserratAlternates-BlackItalic.ttf */; };
		885816F127B7265E00220575 /* MontserratAlternates-Bold.ttf in Resources */ = {isa = PBXBuildFile; fileRef = 885816DE27B7265E00220575 /* MontserratAlternates-Bold.ttf */; };
		885816F227B7265E00220575 /* MontserratAlternates-ExtraLightItalic.ttf in Resources */ = {isa = PBXBuildFile; fileRef = 885816DF27B7265E00220575 /* MontserratAlternates-ExtraLightItalic.ttf */; };
		885816F327B7265E00220575 /* MontserratAlternates-Black.ttf in Resources */ = {isa = PBXBuildFile; fileRef = 885816E027B7265E00220575 /* MontserratAlternates-Black.ttf */; };
		885816F427B7265E00220575 /* MontserratAlternates-LightItalic.ttf in Resources */ = {isa = PBXBuildFile; fileRef = 885816E127B7265E00220575 /* MontserratAlternates-LightItalic.ttf */; };
		885816F527B7265E00220575 /* MontserratAlternates-Medium.ttf in Resources */ = {isa = PBXBuildFile; fileRef = 885816E227B7265E00220575 /* MontserratAlternates-Medium.ttf */; };
		885816F627B7265E00220575 /* MontserratAlternates-MediumItalic.ttf in Resources */ = {isa = PBXBuildFile; fileRef = 885816E327B7265E00220575 /* MontserratAlternates-MediumItalic.ttf */; };
		885816F727B7265E00220575 /* MontserratAlternates-Italic.ttf in Resources */ = {isa = PBXBuildFile; fileRef = 885816E427B7265E00220575 /* MontserratAlternates-Italic.ttf */; };
		885816F827B7265E00220575 /* MontserratAlternates-ExtraBoldItalic.ttf in Resources */ = {isa = PBXBuildFile; fileRef = 885816E527B7265E00220575 /* MontserratAlternates-ExtraBoldItalic.ttf */; };
		885816F927B7265E00220575 /* MontserratAlternates-BoldItalic.ttf in Resources */ = {isa = PBXBuildFile; fileRef = 885816E627B7265E00220575 /* MontserratAlternates-BoldItalic.ttf */; };
		885816FA27B7265E00220575 /* OFL.txt in Resources */ = {isa = PBXBuildFile; fileRef = 885816E727B7265E00220575 /* OFL.txt */; };
		885816FB27B7265E00220575 /* MontserratAlternates-Light.ttf in Resources */ = {isa = PBXBuildFile; fileRef = 885816E827B7265E00220575 /* MontserratAlternates-Light.ttf */; };
		885816FC27B7265E00220575 /* MontserratAlternates-ExtraLight.ttf in Resources */ = {isa = PBXBuildFile; fileRef = 885816E927B7265E00220575 /* MontserratAlternates-ExtraLight.ttf */; };
		885816FD27B7265E00220575 /* MontserratAlternates-Regular.ttf in Resources */ = {isa = PBXBuildFile; fileRef = 885816EA27B7265E00220575 /* MontserratAlternates-Regular.ttf */; };
		885816FE27B7265E00220575 /* MontserratAlternates-ThinItalic.ttf in Resources */ = {isa = PBXBuildFile; fileRef = 885816EB27B7265E00220575 /* MontserratAlternates-ThinItalic.ttf */; };
		885816FF27B7265E00220575 /* MontserratAlternates-SemiBold.ttf in Resources */ = {isa = PBXBuildFile; fileRef = 885816EC27B7265E00220575 /* MontserratAlternates-SemiBold.ttf */; };
		8858170027B7265E00220575 /* MontserratAlternates-ExtraBold.ttf in Resources */ = {isa = PBXBuildFile; fileRef = 885816ED27B7265E00220575 /* MontserratAlternates-ExtraBold.ttf */; };
		8858170127B7265E00220575 /* MontserratAlternates-SemiBoldItalic.ttf in Resources */ = {isa = PBXBuildFile; fileRef = 885816EE27B7265E00220575 /* MontserratAlternates-SemiBoldItalic.ttf */; };
		889E613B27B37B6400C2C2B7 /* HomeScreenView.swift in Sources */ = {isa = PBXBuildFile; fileRef = 889E613A27B37B6300C2C2B7 /* HomeScreenView.swift */; };
		889E613C27B37B6500C2C2B7 /* HomeScreenView.swift in Sources */ = {isa = PBXBuildFile; fileRef = 889E613A27B37B6300C2C2B7 /* HomeScreenView.swift */; };
		889E613E27B3808400C2C2B7 /* GameView.swift in Sources */ = {isa = PBXBuildFile; fileRef = 889E613D27B3808400C2C2B7 /* GameView.swift */; };
		889E613F27B3808400C2C2B7 /* GameView.swift in Sources */ = {isa = PBXBuildFile; fileRef = 889E613D27B3808400C2C2B7 /* GameView.swift */; };
		88CBECC627AB0C8F00A284C3 /* TileView.swift in Sources */ = {isa = PBXBuildFile; fileRef = 88CBECC527AB0C8E00A284C3 /* TileView.swift */; };
		88CBECC727AB0C8F00A284C3 /* TileView.swift in Sources */ = {isa = PBXBuildFile; fileRef = 88CBECC527AB0C8E00A284C3 /* TileView.swift */; };
		88CBECC927AB0C9D00A284C3 /* KeyboardLetterView.swift in Sources */ = {isa = PBXBuildFile; fileRef = 88CBECC827AB0C9D00A284C3 /* KeyboardLetterView.swift */; };
		88CBECCA27AB0C9D00A284C3 /* KeyboardLetterView.swift in Sources */ = {isa = PBXBuildFile; fileRef = 88CBECC827AB0C9D00A284C3 /* KeyboardLetterView.swift */; };
		88CBECCC27AB0D0900A284C3 /* Models.swift in Sources */ = {isa = PBXBuildFile; fileRef = 88CBECCB27AB0D0900A284C3 /* Models.swift */; };
		88CBECCD27AB0D0900A284C3 /* Models.swift in Sources */ = {isa = PBXBuildFile; fileRef = 88CBECCB27AB0D0900A284C3 /* Models.swift */; };
		88CE9FDC27BAE84700AA67E7 /* GoogleService-Info.plist in Resources */ = {isa = PBXBuildFile; fileRef = 88CE9FDB27BAE84700AA67E7 /* GoogleService-Info.plist */; };
		88CE9FDD27BAE84700AA67E7 /* GoogleService-Info.plist in Resources */ = {isa = PBXBuildFile; fileRef = 88CE9FDB27BAE84700AA67E7 /* GoogleService-Info.plist */; };
		88CE9FE027BAE9AF00AA67E7 /* FirebaseAnalytics in Frameworks */ = {isa = PBXBuildFile; productRef = 88CE9FDF27BAE9AF00AA67E7 /* FirebaseAnalytics */; };
		88D98C9127CA993500DF535C /* Consts.swift in Sources */ = {isa = PBXBuildFile; fileRef = 88D98C9027CA993500DF535C /* Consts.swift */; };
		88D98C9227CA993500DF535C /* Consts.swift in Sources */ = {isa = PBXBuildFile; fileRef = 88D98C9027CA993500DF535C /* Consts.swift */; };
		88E257A527A7388C00A364A1 /* Word_GuessApp.swift in Sources */ = {isa = PBXBuildFile; fileRef = 88E2579527A7388800A364A1 /* Word_GuessApp.swift */; };
		88E257A627A7388C00A364A1 /* Word_GuessApp.swift in Sources */ = {isa = PBXBuildFile; fileRef = 88E2579527A7388800A364A1 /* Word_GuessApp.swift */; };
		88E257A727A7388C00A364A1 /* ContentView.swift in Sources */ = {isa = PBXBuildFile; fileRef = 88E2579627A7388800A364A1 /* ContentView.swift */; };
		88E257A827A7388C00A364A1 /* ContentView.swift in Sources */ = {isa = PBXBuildFile; fileRef = 88E2579627A7388800A364A1 /* ContentView.swift */; };
		88E257A927A7388C00A364A1 /* Assets.xcassets in Resources */ = {isa = PBXBuildFile; fileRef = 88E2579727A7388C00A364A1 /* Assets.xcassets */; };
		88E257AA27A7388C00A364A1 /* Assets.xcassets in Resources */ = {isa = PBXBuildFile; fileRef = 88E2579727A7388C00A364A1 /* Assets.xcassets */; };
		88E4E6B027B8AEA9004DD704 /* StatsChartView.swift in Sources */ = {isa = PBXBuildFile; fileRef = 88E4E6AF27B8AEA8004DD704 /* StatsChartView.swift */; };
		88E4E6B127B8AEA9004DD704 /* StatsChartView.swift in Sources */ = {isa = PBXBuildFile; fileRef = 88E4E6AF27B8AEA8004DD704 /* StatsChartView.swift */; };
		88E5624427D84A240074AB0D /* CountryView.swift in Sources */ = {isa = PBXBuildFile; fileRef = 88E5624327D84A240074AB0D /* CountryView.swift */; };
		88E5624527D84A240074AB0D /* CountryView.swift in Sources */ = {isa = PBXBuildFile; fileRef = 88E5624327D84A240074AB0D /* CountryView.swift */; };
		88E5624727D84E3B0074AB0D /* countrydata.json in Resources */ = {isa = PBXBuildFile; fileRef = 88E5624627D84E3B0074AB0D /* countrydata.json */; };
		88E5624827D84E3B0074AB0D /* countrydata.json in Resources */ = {isa = PBXBuildFile; fileRef = 88E5624627D84E3B0074AB0D /* countrydata.json */; };
/* End PBXBuildFile section */

/* Begin PBXFileReference section */
		885816DC27B7265E00220575 /* MontserratAlternates-Thin.ttf */ = {isa = PBXFileReference; lastKnownFileType = file; path = "MontserratAlternates-Thin.ttf"; sourceTree = "<group>"; };
		885816DD27B7265E00220575 /* MontserratAlternates-BlackItalic.ttf */ = {isa = PBXFileReference; lastKnownFileType = file; path = "MontserratAlternates-BlackItalic.ttf"; sourceTree = "<group>"; };
		885816DE27B7265E00220575 /* MontserratAlternates-Bold.ttf */ = {isa = PBXFileReference; lastKnownFileType = file; path = "MontserratAlternates-Bold.ttf"; sourceTree = "<group>"; };
		885816DF27B7265E00220575 /* MontserratAlternates-ExtraLightItalic.ttf */ = {isa = PBXFileReference; lastKnownFileType = file; path = "MontserratAlternates-ExtraLightItalic.ttf"; sourceTree = "<group>"; };
		885816E027B7265E00220575 /* MontserratAlternates-Black.ttf */ = {isa = PBXFileReference; lastKnownFileType = file; path = "MontserratAlternates-Black.ttf"; sourceTree = "<group>"; };
		885816E127B7265E00220575 /* MontserratAlternates-LightItalic.ttf */ = {isa = PBXFileReference; lastKnownFileType = file; path = "MontserratAlternates-LightItalic.ttf"; sourceTree = "<group>"; };
		885816E227B7265E00220575 /* MontserratAlternates-Medium.ttf */ = {isa = PBXFileReference; lastKnownFileType = file; path = "MontserratAlternates-Medium.ttf"; sourceTree = "<group>"; };
		885816E327B7265E00220575 /* MontserratAlternates-MediumItalic.ttf */ = {isa = PBXFileReference; lastKnownFileType = file; path = "MontserratAlternates-MediumItalic.ttf"; sourceTree = "<group>"; };
		885816E427B7265E00220575 /* MontserratAlternates-Italic.ttf */ = {isa = PBXFileReference; lastKnownFileType = file; path = "MontserratAlternates-Italic.ttf"; sourceTree = "<group>"; };
		885816E527B7265E00220575 /* MontserratAlternates-ExtraBoldItalic.ttf */ = {isa = PBXFileReference; lastKnownFileType = file; path = "MontserratAlternates-ExtraBoldItalic.ttf"; sourceTree = "<group>"; };
		885816E627B7265E00220575 /* MontserratAlternates-BoldItalic.ttf */ = {isa = PBXFileReference; lastKnownFileType = file; path = "MontserratAlternates-BoldItalic.ttf"; sourceTree = "<group>"; };
		885816E727B7265E00220575 /* OFL.txt */ = {isa = PBXFileReference; fileEncoding = 4; lastKnownFileType = text; path = OFL.txt; sourceTree = "<group>"; };
		885816E827B7265E00220575 /* MontserratAlternates-Light.ttf */ = {isa = PBXFileReference; lastKnownFileType = file; path = "MontserratAlternates-Light.ttf"; sourceTree = "<group>"; };
		885816E927B7265E00220575 /* MontserratAlternates-ExtraLight.ttf */ = {isa = PBXFileReference; lastKnownFileType = file; path = "MontserratAlternates-ExtraLight.ttf"; sourceTree = "<group>"; };
		885816EA27B7265E00220575 /* MontserratAlternates-Regular.ttf */ = {isa = PBXFileReference; lastKnownFileType = file; path = "MontserratAlternates-Regular.ttf"; sourceTree = "<group>"; };
		885816EB27B7265E00220575 /* MontserratAlternates-ThinItalic.ttf */ = {isa = PBXFileReference; lastKnownFileType = file; path = "MontserratAlternates-ThinItalic.ttf"; sourceTree = "<group>"; };
		885816EC27B7265E00220575 /* MontserratAlternates-SemiBold.ttf */ = {isa = PBXFileReference; lastKnownFileType = file; path = "MontserratAlternates-SemiBold.ttf"; sourceTree = "<group>"; };
		885816ED27B7265E00220575 /* MontserratAlternates-ExtraBold.ttf */ = {isa = PBXFileReference; lastKnownFileType = file; path = "MontserratAlternates-ExtraBold.ttf"; sourceTree = "<group>"; };
		885816EE27B7265E00220575 /* MontserratAlternates-SemiBoldItalic.ttf */ = {isa = PBXFileReference; lastKnownFileType = file; path = "MontserratAlternates-SemiBoldItalic.ttf"; sourceTree = "<group>"; };
		889E613927B1C5F600C2C2B7 /* Word-Guess--iOS--Info.plist */ = {isa = PBXFileReference; lastKnownFileType = text.plist; path = "Word-Guess--iOS--Info.plist"; sourceTree = "<group>"; };
		889E613A27B37B6300C2C2B7 /* HomeScreenView.swift */ = {isa = PBXFileReference; lastKnownFileType = sourcecode.swift; path = HomeScreenView.swift; sourceTree = "<group>"; };
		889E613D27B3808400C2C2B7 /* GameView.swift */ = {isa = PBXFileReference; lastKnownFileType = sourcecode.swift; path = GameView.swift; sourceTree = "<group>"; };
		88CBECC527AB0C8E00A284C3 /* TileView.swift */ = {isa = PBXFileReference; lastKnownFileType = sourcecode.swift; path = TileView.swift; sourceTree = "<group>"; };
		88CBECC827AB0C9D00A284C3 /* KeyboardLetterView.swift */ = {isa = PBXFileReference; lastKnownFileType = sourcecode.swift; path = KeyboardLetterView.swift; sourceTree = "<group>"; };
		88CBECCB27AB0D0900A284C3 /* Models.swift */ = {isa = PBXFileReference; lastKnownFileType = sourcecode.swift; path = Models.swift; sourceTree = "<group>"; };
		88CE9FDB27BAE84700AA67E7 /* GoogleService-Info.plist */ = {isa = PBXFileReference; fileEncoding = 4; lastKnownFileType = text.plist.xml; path = "GoogleService-Info.plist"; sourceTree = "<group>"; };
		88D98C9027CA993500DF535C /* Consts.swift */ = {isa = PBXFileReference; lastKnownFileType = sourcecode.swift; path = Consts.swift; sourceTree = "<group>"; };
		88E2579527A7388800A364A1 /* Word_GuessApp.swift */ = {isa = PBXFileReference; lastKnownFileType = sourcecode.swift; path = Word_GuessApp.swift; sourceTree = "<group>"; };
		88E2579627A7388800A364A1 /* ContentView.swift */ = {isa = PBXFileReference; lastKnownFileType = sourcecode.swift; path = ContentView.swift; sourceTree = "<group>"; };
		88E2579727A7388C00A364A1 /* Assets.xcassets */ = {isa = PBXFileReference; lastKnownFileType = folder.assetcatalog; path = Assets.xcassets; sourceTree = "<group>"; };
		88E2579C27A7388C00A364A1 /* Word Guess.app */ = {isa = PBXFileReference; explicitFileType = wrapper.application; includeInIndex = 0; path = "Word Guess.app"; sourceTree = BUILT_PRODUCTS_DIR; };
		88E257A227A7388C00A364A1 /* Word Guess.app */ = {isa = PBXFileReference; explicitFileType = wrapper.application; includeInIndex = 0; path = "Word Guess.app"; sourceTree = BUILT_PRODUCTS_DIR; };
		88E257A427A7388C00A364A1 /* macOS.entitlements */ = {isa = PBXFileReference; lastKnownFileType = text.plist.entitlements; path = macOS.entitlements; sourceTree = "<group>"; };
		88E4E6AF27B8AEA8004DD704 /* StatsChartView.swift */ = {isa = PBXFileReference; lastKnownFileType = sourcecode.swift; path = StatsChartView.swift; sourceTree = "<group>"; };
		88E5624327D84A240074AB0D /* CountryView.swift */ = {isa = PBXFileReference; lastKnownFileType = sourcecode.swift; path = CountryView.swift; sourceTree = "<group>"; };
		88E5624627D84E3B0074AB0D /* countrydata.json */ = {isa = PBXFileReference; lastKnownFileType = text.json; path = countrydata.json; sourceTree = "<group>"; };
/* End PBXFileReference section */

/* Begin PBXFrameworksBuildPhase section */
		88E2579927A7388C00A364A1 /* Frameworks */ = {
			isa = PBXFrameworksBuildPhase;
			buildActionMask = 2147483647;
			files = (
				88CE9FE027BAE9AF00AA67E7 /* FirebaseAnalytics in Frameworks */,
			);
			runOnlyForDeploymentPostprocessing = 0;
		};
		88E2579F27A7388C00A364A1 /* Frameworks */ = {
			isa = PBXFrameworksBuildPhase;
			buildActionMask = 2147483647;
			files = (
			);
			runOnlyForDeploymentPostprocessing = 0;
		};
/* End PBXFrameworksBuildPhase section */

/* Begin PBXGroup section */
		885816D727B6C24F00220575 /* Fonts */ = {
			isa = PBXGroup;
			children = (
				885816DB27B7265E00220575 /* Montserrat_Alternates */,
			);
			path = Fonts;
			sourceTree = "<group>";
		};
		885816DB27B7265E00220575 /* Montserrat_Alternates */ = {
			isa = PBXGroup;
			children = (
				885816DC27B7265E00220575 /* MontserratAlternates-Thin.ttf */,
				885816DD27B7265E00220575 /* MontserratAlternates-BlackItalic.ttf */,
				885816DE27B7265E00220575 /* MontserratAlternates-Bold.ttf */,
				885816DF27B7265E00220575 /* MontserratAlternates-ExtraLightItalic.ttf */,
				885816E027B7265E00220575 /* MontserratAlternates-Black.ttf */,
				885816E127B7265E00220575 /* MontserratAlternates-LightItalic.ttf */,
				885816E227B7265E00220575 /* MontserratAlternates-Medium.ttf */,
				885816E327B7265E00220575 /* MontserratAlternates-MediumItalic.ttf */,
				885816E427B7265E00220575 /* MontserratAlternates-Italic.ttf */,
				885816E527B7265E00220575 /* MontserratAlternates-ExtraBoldItalic.ttf */,
				885816E627B7265E00220575 /* MontserratAlternates-BoldItalic.ttf */,
				885816E727B7265E00220575 /* OFL.txt */,
				885816E827B7265E00220575 /* MontserratAlternates-Light.ttf */,
				885816E927B7265E00220575 /* MontserratAlternates-ExtraLight.ttf */,
				885816EA27B7265E00220575 /* MontserratAlternates-Regular.ttf */,
				885816EB27B7265E00220575 /* MontserratAlternates-ThinItalic.ttf */,
				885816EC27B7265E00220575 /* MontserratAlternates-SemiBold.ttf */,
				885816ED27B7265E00220575 /* MontserratAlternates-ExtraBold.ttf */,
				885816EE27B7265E00220575 /* MontserratAlternates-SemiBoldItalic.ttf */,
			);
			path = Montserrat_Alternates;
			sourceTree = "<group>";
		};
		88D98C9327CA99A500DF535C /* Views */ = {
			isa = PBXGroup;
			children = (
				88E2579627A7388800A364A1 /* ContentView.swift */,
				88CBECC527AB0C8E00A284C3 /* TileView.swift */,
				88CBECC827AB0C9D00A284C3 /* KeyboardLetterView.swift */,
				889E613A27B37B6300C2C2B7 /* HomeScreenView.swift */,
				889E613D27B3808400C2C2B7 /* GameView.swift */,
				88E4E6AF27B8AEA8004DD704 /* StatsChartView.swift */,
				88E5624327D84A240074AB0D /* CountryView.swift */,
			);
			path = Views;
			sourceTree = "<group>";
		};
		88E2578F27A7388700A364A1 = {
			isa = PBXGroup;
			children = (
				889E613927B1C5F600C2C2B7 /* Word-Guess--iOS--Info.plist */,
				88E2579427A7388800A364A1 /* Shared */,
				88E257A327A7388C00A364A1 /* macOS */,
				88E2579D27A7388C00A364A1 /* Products */,
			);
			sourceTree = "<group>";
		};
		88E2579427A7388800A364A1 /* Shared */ = {
			isa = PBXGroup;
			children = (
				88D98C9327CA99A500DF535C /* Views */,
				88E2579527A7388800A364A1 /* Word_GuessApp.swift */,
				88CBECCB27AB0D0900A284C3 /* Models.swift */,
				88D98C9027CA993500DF535C /* Consts.swift */,
				885816D727B6C24F00220575 /* Fonts */,
				88E2579727A7388C00A364A1 /* Assets.xcassets */,
				88CE9FDB27BAE84700AA67E7 /* GoogleService-Info.plist */,
				88E5624627D84E3B0074AB0D /* countrydata.json */,
			);
			path = Shared;
			sourceTree = "<group>";
		};
		88E2579D27A7388C00A364A1 /* Products */ = {
			isa = PBXGroup;
			children = (
				88E2579C27A7388C00A364A1 /* Word Guess.app */,
				88E257A227A7388C00A364A1 /* Word Guess.app */,
			);
			name = Products;
			sourceTree = "<group>";
		};
		88E257A327A7388C00A364A1 /* macOS */ = {
			isa = PBXGroup;
			children = (
				88E257A427A7388C00A364A1 /* macOS.entitlements */,
			);
			path = macOS;
			sourceTree = "<group>";
		};
/* End PBXGroup section */

/* Begin PBXNativeTarget section */
		88E2579B27A7388C00A364A1 /* Word Guess (iOS) */ = {
			isa = PBXNativeTarget;
			buildConfigurationList = 88E257AD27A7388C00A364A1 /* Build configuration list for PBXNativeTarget "Word Guess (iOS)" */;
			buildPhases = (
				88E2579827A7388C00A364A1 /* Sources */,
				88E2579927A7388C00A364A1 /* Frameworks */,
				88E2579A27A7388C00A364A1 /* Resources */,
			);
			buildRules = (
			);
			dependencies = (
			);
			name = "Word Guess (iOS)";
			packageProductDependencies = (
				88CE9FDF27BAE9AF00AA67E7 /* FirebaseAnalytics */,
			);
			productName = "Word Guess (iOS)";
			productReference = 88E2579C27A7388C00A364A1 /* Word Guess.app */;
			productType = "com.apple.product-type.application";
		};
		88E257A127A7388C00A364A1 /* Word Guess (macOS) */ = {
			isa = PBXNativeTarget;
			buildConfigurationList = 88E257B027A7388C00A364A1 /* Build configuration list for PBXNativeTarget "Word Guess (macOS)" */;
			buildPhases = (
				88E2579E27A7388C00A364A1 /* Sources */,
				88E2579F27A7388C00A364A1 /* Frameworks */,
				88E257A027A7388C00A364A1 /* Resources */,
			);
			buildRules = (
			);
			dependencies = (
			);
			name = "Word Guess (macOS)";
			productName = "Word Guess (macOS)";
			productReference = 88E257A227A7388C00A364A1 /* Word Guess.app */;
			productType = "com.apple.product-type.application";
		};
/* End PBXNativeTarget section */

/* Begin PBXProject section */
		88E2579027A7388700A364A1 /* Project object */ = {
			isa = PBXProject;
			attributes = {
				BuildIndependentTargetsInParallel = 1;
				LastSwiftUpdateCheck = 1320;
				LastUpgradeCheck = 1320;
				TargetAttributes = {
					88E2579B27A7388C00A364A1 = {
						CreatedOnToolsVersion = 13.2.1;
					};
					88E257A127A7388C00A364A1 = {
						CreatedOnToolsVersion = 13.2.1;
					};
				};
			};
			buildConfigurationList = 88E2579327A7388700A364A1 /* Build configuration list for PBXProject "Word Guess" */;
			compatibilityVersion = "Xcode 13.0";
			developmentRegion = en;
			hasScannedForEncodings = 0;
			knownRegions = (
				en,
				Base,
			);
			mainGroup = 88E2578F27A7388700A364A1;
			packageReferences = (
				88CE9FDE27BAE9AF00AA67E7 /* XCRemoteSwiftPackageReference "firebase-ios-sdk" */,
			);
			productRefGroup = 88E2579D27A7388C00A364A1 /* Products */;
			projectDirPath = "";
			projectRoot = "";
			targets = (
				88E2579B27A7388C00A364A1 /* Word Guess (iOS) */,
				88E257A127A7388C00A364A1 /* Word Guess (macOS) */,
			);
		};
/* End PBXProject section */

/* Begin PBXResourcesBuildPhase section */
		88E2579A27A7388C00A364A1 /* Resources */ = {
			isa = PBXResourcesBuildPhase;
			buildActionMask = 2147483647;
			files = (
				885816F227B7265E00220575 /* MontserratAlternates-ExtraLightItalic.ttf in Resources */,
				885816F827B7265E00220575 /* MontserratAlternates-ExtraBoldItalic.ttf in Resources */,
				885816FC27B7265E00220575 /* MontserratAlternates-ExtraLight.ttf in Resources */,
				885816FF27B7265E00220575 /* MontserratAlternates-SemiBold.ttf in Resources */,
				88E257A927A7388C00A364A1 /* Assets.xcassets in Resources */,
				885816F327B7265E00220575 /* MontserratAlternates-Black.ttf in Resources */,
				885816F527B7265E00220575 /* MontserratAlternates-Medium.ttf in Resources */,
				8858170127B7265E00220575 /* MontserratAlternates-SemiBoldItalic.ttf in Resources */,
				885816F127B7265E00220575 /* MontserratAlternates-Bold.ttf in Resources */,
				885816F027B7265E00220575 /* MontserratAlternates-BlackItalic.ttf in Resources */,
				885816EF27B7265E00220575 /* MontserratAlternates-Thin.ttf in Resources */,
				885816FA27B7265E00220575 /* OFL.txt in Resources */,
				88E5624727D84E3B0074AB0D /* countrydata.json in Resources */,
				8858170027B7265E00220575 /* MontserratAlternates-ExtraBold.ttf in Resources */,
				885816FD27B7265E00220575 /* MontserratAlternates-Regular.ttf in Resources */,
				885816F627B7265E00220575 /* MontserratAlternates-MediumItalic.ttf in Resources */,
				885816F927B7265E00220575 /* MontserratAlternates-BoldItalic.ttf in Resources */,
				885816FE27B7265E00220575 /* MontserratAlternates-ThinItalic.ttf in Resources */,
				885816F727B7265E00220575 /* MontserratAlternates-Italic.ttf in Resources */,
				885816F427B7265E00220575 /* MontserratAlternates-LightItalic.ttf in Resources */,
				885816FB27B7265E00220575 /* MontserratAlternates-Light.ttf in Resources */,
				88CE9FDC27BAE84700AA67E7 /* GoogleService-Info.plist in Resources */,
			);
			runOnlyForDeploymentPostprocessing = 0;
		};
		88E257A027A7388C00A364A1 /* Resources */ = {
			isa = PBXResourcesBuildPhase;
			buildActionMask = 2147483647;
			files = (
				88E257AA27A7388C00A364A1 /* Assets.xcassets in Resources */,
				88E5624827D84E3B0074AB0D /* countrydata.json in Resources */,
				88CE9FDD27BAE84700AA67E7 /* GoogleService-Info.plist in Resources */,
			);
			runOnlyForDeploymentPostprocessing = 0;
		};
/* End PBXResourcesBuildPhase section */

/* Begin PBXSourcesBuildPhase section */
		88E2579827A7388C00A364A1 /* Sources */ = {
			isa = PBXSourcesBuildPhase;
			buildActionMask = 2147483647;
			files = (
				88E257A727A7388C00A364A1 /* ContentView.swift in Sources */,
				88CBECC627AB0C8F00A284C3 /* TileView.swift in Sources */,
				88E257A527A7388C00A364A1 /* Word_GuessApp.swift in Sources */,
				88E4E6B027B8AEA9004DD704 /* StatsChartView.swift in Sources */,
				889E613B27B37B6400C2C2B7 /* HomeScreenView.swift in Sources */,
				88E5624427D84A240074AB0D /* CountryView.swift in Sources */,
				88CBECC927AB0C9D00A284C3 /* KeyboardLetterView.swift in Sources */,
				88CBECCC27AB0D0900A284C3 /* Models.swift in Sources */,
				88D98C9127CA993500DF535C /* Consts.swift in Sources */,
				889E613E27B3808400C2C2B7 /* GameView.swift in Sources */,
			);
			runOnlyForDeploymentPostprocessing = 0;
		};
		88E2579E27A7388C00A364A1 /* Sources */ = {
			isa = PBXSourcesBuildPhase;
			buildActionMask = 2147483647;
			files = (
				88E257A827A7388C00A364A1 /* ContentView.swift in Sources */,
				88CBECC727AB0C8F00A284C3 /* TileView.swift in Sources */,
				88E257A627A7388C00A364A1 /* Word_GuessApp.swift in Sources */,
				88E4E6B127B8AEA9004DD704 /* StatsChartView.swift in Sources */,
				889E613C27B37B6500C2C2B7 /* HomeScreenView.swift in Sources */,
				88E5624527D84A240074AB0D /* CountryView.swift in Sources */,
				88CBECCA27AB0C9D00A284C3 /* KeyboardLetterView.swift in Sources */,
				88CBECCD27AB0D0900A284C3 /* Models.swift in Sources */,
				88D98C9227CA993500DF535C /* Consts.swift in Sources */,
				889E613F27B3808400C2C2B7 /* GameView.swift in Sources */,
			);
			runOnlyForDeploymentPostprocessing = 0;
		};
/* End PBXSourcesBuildPhase section */

/* Begin XCBuildConfiguration section */
		88E257AB27A7388C00A364A1 /* Debug */ = {
			isa = XCBuildConfiguration;
			buildSettings = {
				ALWAYS_SEARCH_USER_PATHS = NO;
				CLANG_ANALYZER_NONNULL = YES;
				CLANG_ANALYZER_NUMBER_OBJECT_CONVERSION = YES_AGGRESSIVE;
				CLANG_CXX_LANGUAGE_STANDARD = "gnu++17";
				CLANG_CXX_LIBRARY = "libc++";
				CLANG_ENABLE_MODULES = YES;
				CLANG_ENABLE_OBJC_ARC = YES;
				CLANG_ENABLE_OBJC_WEAK = YES;
				CLANG_WARN_BLOCK_CAPTURE_AUTORELEASING = YES;
				CLANG_WARN_BOOL_CONVERSION = YES;
				CLANG_WARN_COMMA = YES;
				CLANG_WARN_CONSTANT_CONVERSION = YES;
				CLANG_WARN_DEPRECATED_OBJC_IMPLEMENTATIONS = YES;
				CLANG_WARN_DIRECT_OBJC_ISA_USAGE = YES_ERROR;
				CLANG_WARN_DOCUMENTATION_COMMENTS = YES;
				CLANG_WARN_EMPTY_BODY = YES;
				CLANG_WARN_ENUM_CONVERSION = YES;
				CLANG_WARN_INFINITE_RECURSION = YES;
				CLANG_WARN_INT_CONVERSION = YES;
				CLANG_WARN_NON_LITERAL_NULL_CONVERSION = YES;
				CLANG_WARN_OBJC_IMPLICIT_RETAIN_SELF = YES;
				CLANG_WARN_OBJC_LITERAL_CONVERSION = YES;
				CLANG_WARN_OBJC_ROOT_CLASS = YES_ERROR;
				CLANG_WARN_QUOTED_INCLUDE_IN_FRAMEWORK_HEADER = YES;
				CLANG_WARN_RANGE_LOOP_ANALYSIS = YES;
				CLANG_WARN_STRICT_PROTOTYPES = YES;
				CLANG_WARN_SUSPICIOUS_MOVE = YES;
				CLANG_WARN_UNGUARDED_AVAILABILITY = YES_AGGRESSIVE;
				CLANG_WARN_UNREACHABLE_CODE = YES;
				CLANG_WARN__DUPLICATE_METHOD_MATCH = YES;
				COPY_PHASE_STRIP = NO;
				DEBUG_INFORMATION_FORMAT = dwarf;
				ENABLE_STRICT_OBJC_MSGSEND = YES;
				ENABLE_TESTABILITY = YES;
				GCC_C_LANGUAGE_STANDARD = gnu11;
				GCC_DYNAMIC_NO_PIC = NO;
				GCC_NO_COMMON_BLOCKS = YES;
				GCC_OPTIMIZATION_LEVEL = 0;
				GCC_PREPROCESSOR_DEFINITIONS = (
					"DEBUG=1",
					"$(inherited)",
				);
				GCC_WARN_64_TO_32_BIT_CONVERSION = YES;
				GCC_WARN_ABOUT_RETURN_TYPE = YES_ERROR;
				GCC_WARN_UNDECLARED_SELECTOR = YES;
				GCC_WARN_UNINITIALIZED_AUTOS = YES_AGGRESSIVE;
				GCC_WARN_UNUSED_FUNCTION = YES;
				GCC_WARN_UNUSED_VARIABLE = YES;
				MTL_ENABLE_DEBUG_INFO = INCLUDE_SOURCE;
				MTL_FAST_MATH = YES;
				ONLY_ACTIVE_ARCH = YES;
				OTHER_LDFLAGS = "-ObjC";
				SWIFT_ACTIVE_COMPILATION_CONDITIONS = DEBUG;
				SWIFT_OPTIMIZATION_LEVEL = "-Onone";
			};
			name = Debug;
		};
		88E257AC27A7388C00A364A1 /* Release */ = {
			isa = XCBuildConfiguration;
			buildSettings = {
				ALWAYS_SEARCH_USER_PATHS = NO;
				CLANG_ANALYZER_NONNULL = YES;
				CLANG_ANALYZER_NUMBER_OBJECT_CONVERSION = YES_AGGRESSIVE;
				CLANG_CXX_LANGUAGE_STANDARD = "gnu++17";
				CLANG_CXX_LIBRARY = "libc++";
				CLANG_ENABLE_MODULES = YES;
				CLANG_ENABLE_OBJC_ARC = YES;
				CLANG_ENABLE_OBJC_WEAK = YES;
				CLANG_WARN_BLOCK_CAPTURE_AUTORELEASING = YES;
				CLANG_WARN_BOOL_CONVERSION = YES;
				CLANG_WARN_COMMA = YES;
				CLANG_WARN_CONSTANT_CONVERSION = YES;
				CLANG_WARN_DEPRECATED_OBJC_IMPLEMENTATIONS = YES;
				CLANG_WARN_DIRECT_OBJC_ISA_USAGE = YES_ERROR;
				CLANG_WARN_DOCUMENTATION_COMMENTS = YES;
				CLANG_WARN_EMPTY_BODY = YES;
				CLANG_WARN_ENUM_CONVERSION = YES;
				CLANG_WARN_INFINITE_RECURSION = YES;
				CLANG_WARN_INT_CONVERSION = YES;
				CLANG_WARN_NON_LITERAL_NULL_CONVERSION = YES;
				CLANG_WARN_OBJC_IMPLICIT_RETAIN_SELF = YES;
				CLANG_WARN_OBJC_LITERAL_CONVERSION = YES;
				CLANG_WARN_OBJC_ROOT_CLASS = YES_ERROR;
				CLANG_WARN_QUOTED_INCLUDE_IN_FRAMEWORK_HEADER = YES;
				CLANG_WARN_RANGE_LOOP_ANALYSIS = YES;
				CLANG_WARN_STRICT_PROTOTYPES = YES;
				CLANG_WARN_SUSPICIOUS_MOVE = YES;
				CLANG_WARN_UNGUARDED_AVAILABILITY = YES_AGGRESSIVE;
				CLANG_WARN_UNREACHABLE_CODE = YES;
				CLANG_WARN__DUPLICATE_METHOD_MATCH = YES;
				COPY_PHASE_STRIP = NO;
				DEBUG_INFORMATION_FORMAT = "dwarf-with-dsym";
				ENABLE_NS_ASSERTIONS = NO;
				ENABLE_STRICT_OBJC_MSGSEND = YES;
				GCC_C_LANGUAGE_STANDARD = gnu11;
				GCC_NO_COMMON_BLOCKS = YES;
				GCC_WARN_64_TO_32_BIT_CONVERSION = YES;
				GCC_WARN_ABOUT_RETURN_TYPE = YES_ERROR;
				GCC_WARN_UNDECLARED_SELECTOR = YES;
				GCC_WARN_UNINITIALIZED_AUTOS = YES_AGGRESSIVE;
				GCC_WARN_UNUSED_FUNCTION = YES;
				GCC_WARN_UNUSED_VARIABLE = YES;
				MTL_ENABLE_DEBUG_INFO = NO;
				MTL_FAST_MATH = YES;
				OTHER_LDFLAGS = "-ObjC";
				SWIFT_COMPILATION_MODE = wholemodule;
				SWIFT_OPTIMIZATION_LEVEL = "-O";
			};
			name = Release;
		};
		88E257AE27A7388C00A364A1 /* Debug */ = {
			isa = XCBuildConfiguration;
			buildSettings = {
				ASSETCATALOG_COMPILER_APPICON_NAME = AppIcon;
				ASSETCATALOG_COMPILER_GLOBAL_ACCENT_COLOR_NAME = AccentColor;
				CODE_SIGN_STYLE = Automatic;
				CURRENT_PROJECT_VERSION = 1;
				DEVELOPMENT_TEAM = AGFK4NZMR2;
				ENABLE_PREVIEWS = YES;
				GENERATE_INFOPLIST_FILE = YES;
				INFOPLIST_FILE = "Word-Guess--iOS--Info.plist";
				INFOPLIST_KEY_UIApplicationSceneManifest_Generation = YES;
				INFOPLIST_KEY_UIApplicationSupportsIndirectInputEvents = YES;
				INFOPLIST_KEY_UILaunchScreen_Generation = YES;
				INFOPLIST_KEY_UIRequiresFullScreen = YES;
				INFOPLIST_KEY_UISupportedInterfaceOrientations_iPad = "UIInterfaceOrientationPortrait UIInterfaceOrientationPortraitUpsideDown";
				INFOPLIST_KEY_UISupportedInterfaceOrientations_iPhone = UIInterfaceOrientationPortrait;
				IPHONEOS_DEPLOYMENT_TARGET = 15.0;
				LD_RUNPATH_SEARCH_PATHS = (
					"$(inherited)",
					"@executable_path/Frameworks",
				);
				MARKETING_VERSION = 1.0.5;
				PRODUCT_BUNDLE_IDENTIFIER = "buchanan.Word-Guess";
				PRODUCT_NAME = "Word Guess";
				SDKROOT = iphoneos;
				SWIFT_EMIT_LOC_STRINGS = YES;
				SWIFT_VERSION = 5.0;
				TARGETED_DEVICE_FAMILY = "1,2";
			};
			name = Debug;
		};
		88E257AF27A7388C00A364A1 /* Release */ = {
			isa = XCBuildConfiguration;
			buildSettings = {
				ASSETCATALOG_COMPILER_APPICON_NAME = AppIcon;
				ASSETCATALOG_COMPILER_GLOBAL_ACCENT_COLOR_NAME = AccentColor;
				CODE_SIGN_STYLE = Automatic;
				CURRENT_PROJECT_VERSION = 1;
				DEVELOPMENT_TEAM = AGFK4NZMR2;
				ENABLE_PREVIEWS = YES;
				GENERATE_INFOPLIST_FILE = YES;
				INFOPLIST_FILE = "Word-Guess--iOS--Info.plist";
				INFOPLIST_KEY_UIApplicationSceneManifest_Generation = YES;
				INFOPLIST_KEY_UIApplicationSupportsIndirectInputEvents = YES;
				INFOPLIST_KEY_UILaunchScreen_Generation = YES;
				INFOPLIST_KEY_UIRequiresFullScreen = YES;
				INFOPLIST_KEY_UISupportedInterfaceOrientations_iPad = "UIInterfaceOrientationPortrait UIInterfaceOrientationPortraitUpsideDown";
				INFOPLIST_KEY_UISupportedInterfaceOrientations_iPhone = UIInterfaceOrientationPortrait;
				IPHONEOS_DEPLOYMENT_TARGET = 15.0;
				LD_RUNPATH_SEARCH_PATHS = (
					"$(inherited)",
					"@executable_path/Frameworks",
				);
				MARKETING_VERSION = 1.0.5;
				PRODUCT_BUNDLE_IDENTIFIER = "buchanan.Word-Guess";
				PRODUCT_NAME = "Word Guess";
				SDKROOT = iphoneos;
				SWIFT_EMIT_LOC_STRINGS = YES;
				SWIFT_VERSION = 5.0;
				TARGETED_DEVICE_FAMILY = "1,2";
				VALIDATE_PRODUCT = YES;
			};
			name = Release;
		};
		88E257B127A7388C00A364A1 /* Debug */ = {
			isa = XCBuildConfiguration;
			buildSettings = {
				ASSETCATALOG_COMPILER_APPICON_NAME = AppIcon;
				ASSETCATALOG_COMPILER_GLOBAL_ACCENT_COLOR_NAME = AccentColor;
				CODE_SIGN_ENTITLEMENTS = macOS/macOS.entitlements;
				CODE_SIGN_STYLE = Automatic;
				COMBINE_HIDPI_IMAGES = YES;
				CURRENT_PROJECT_VERSION = 1;
				DEVELOPMENT_TEAM = AGFK4NZMR2;
				ENABLE_HARDENED_RUNTIME = YES;
				ENABLE_PREVIEWS = YES;
				GENERATE_INFOPLIST_FILE = YES;
				INFOPLIST_KEY_NSHumanReadableCopyright = "";
				LD_RUNPATH_SEARCH_PATHS = (
					"$(inherited)",
					"@executable_path/../Frameworks",
				);
				MACOSX_DEPLOYMENT_TARGET = 12.0;
				MARKETING_VERSION = 1.0;
				PRODUCT_BUNDLE_IDENTIFIER = "buchanan.Word-Guess";
				PRODUCT_NAME = "Word Guess";
				SDKROOT = macosx;
				SWIFT_EMIT_LOC_STRINGS = YES;
				SWIFT_VERSION = 5.0;
			};
			name = Debug;
		};
		88E257B227A7388C00A364A1 /* Release */ = {
			isa = XCBuildConfiguration;
			buildSettings = {
				ASSETCATALOG_COMPILER_APPICON_NAME = AppIcon;
				ASSETCATALOG_COMPILER_GLOBAL_ACCENT_COLOR_NAME = AccentColor;
				CODE_SIGN_ENTITLEMENTS = macOS/macOS.entitlements;
				CODE_SIGN_STYLE = Automatic;
				COMBINE_HIDPI_IMAGES = YES;
				CURRENT_PROJECT_VERSION = 1;
				DEVELOPMENT_TEAM = AGFK4NZMR2;
				ENABLE_HARDENED_RUNTIME = YES;
				ENABLE_PREVIEWS = YES;
				GENERATE_INFOPLIST_FILE = YES;
				INFOPLIST_KEY_NSHumanReadableCopyright = "";
				LD_RUNPATH_SEARCH_PATHS = (
					"$(inherited)",
					"@executable_path/../Frameworks",
				);
				MACOSX_DEPLOYMENT_TARGET = 12.0;
				MARKETING_VERSION = 1.0;
				PRODUCT_BUNDLE_IDENTIFIER = "buchanan.Word-Guess";
				PRODUCT_NAME = "Word Guess";
				SDKROOT = macosx;
				SWIFT_EMIT_LOC_STRINGS = YES;
				SWIFT_VERSION = 5.0;
			};
			name = Release;
		};
/* End XCBuildConfiguration section */

/* Begin XCConfigurationList section */
		88E2579327A7388700A364A1 /* Build configuration list for PBXProject "Word Guess" */ = {
			isa = XCConfigurationList;
			buildConfigurations = (
				88E257AB27A7388C00A364A1 /* Debug */,
				88E257AC27A7388C00A364A1 /* Release */,
			);
			defaultConfigurationIsVisible = 0;
			defaultConfigurationName = Release;
		};
		88E257AD27A7388C00A364A1 /* Build configuration list for PBXNativeTarget "Word Guess (iOS)" */ = {
			isa = XCConfigurationList;
			buildConfigurations = (
				88E257AE27A7388C00A364A1 /* Debug */,
				88E257AF27A7388C00A364A1 /* Release */,
			);
			defaultConfigurationIsVisible = 0;
			defaultConfigurationName = Release;
		};
		88E257B027A7388C00A364A1 /* Build configuration list for PBXNativeTarget "Word Guess (macOS)" */ = {
			isa = XCConfigurationList;
			buildConfigurations = (
				88E257B127A7388C00A364A1 /* Debug */,
				88E257B227A7388C00A364A1 /* Release */,
			);
			defaultConfigurationIsVisible = 0;
			defaultConfigurationName = Release;
		};
/* End XCConfigurationList section */

/* Begin XCRemoteSwiftPackageReference section */
		88CE9FDE27BAE9AF00AA67E7 /* XCRemoteSwiftPackageReference "firebase-ios-sdk" */ = {
			isa = XCRemoteSwiftPackageReference;
			repositoryURL = "https://github.com/firebase/firebase-ios-sdk";
			requirement = {
				kind = upToNextMinorVersion;
				minimumVersion = 8.9.0;
			};
		};
/* End XCRemoteSwiftPackageReference section */

/* Begin XCSwiftPackageProductDependency section */
		88CE9FDF27BAE9AF00AA67E7 /* FirebaseAnalytics */ = {
			isa = XCSwiftPackageProductDependency;
			package = 88CE9FDE27BAE9AF00AA67E7 /* XCRemoteSwiftPackageReference "firebase-ios-sdk" */;
			productName = FirebaseAnalytics;
		};
/* End XCSwiftPackageProductDependency section */
	};
	rootObject = 88E2579027A7388700A364A1 /* Project object */;
}
